{
  "name": "test-package",
  "version": "1.0.0",
  "lockfileVersion": 3,
  "requires": true,
  "packages": {
    "": {
      "name": "test-package",
      "version": "1.0.0",
      "dependencies": {
        "@strands-agents/sdk": "file:../../.."
      }
    },
    "..": {
      "extraneous": true
    },
    "../..": {
      "extraneous": true
    },
    "../../..": {
      "name": "@strands-agents/sdk",
      "version": "0.0.1-development",
      "license": "Apache-2.0",
      "dependencies": {
        "@aws-sdk/client-bedrock-runtime": "^3.943.0",
        "@modelcontextprotocol/sdk": "^1.24.2",
        "zod": "^4.1.12"
      },
      "devDependencies": {
        "@aws-sdk/client-secrets-manager": "^3.943.0",
        "@aws-sdk/credential-providers": "^3.943.0",
        "@types/json-schema": "^7.0.15",
        "@types/node": "^24.6.0",
        "@typescript-eslint/eslint-plugin": "^8.48.1",
        "@typescript-eslint/parser": "^8.0.0",
        "@vitest/browser": "^4.0.15",
        "@vitest/browser-playwright": "^4.0.15",
        "@vitest/coverage-v8": "^4.0.15",
        "eslint": "^9.0.0",
        "eslint-plugin-tsdoc": "^0.5.0",
        "husky": "^9.1.7",
        "playwright": "^1.56.1",
        "prettier": "^3.7.4",
        "tsx": "^4.21.0",
        "typescript": "^5.5.0",
        "vitest": "^4.0.8"
      },
      "engines": {
        "node": ">=20.0.0"
      },
      "optionalDependencies": {
        "openai": "^6.7.0"
      }
    },
    "node_modules/@strands-agents/sdk": {
      "resolved": "../../..",
      "link": true
    }
  }
}
